
Microsoft Visual Studio Solution File, Format Version 12.00
# Visual Studio Version 17
VisualStudioVersion = 17.10.35004.147
MinimumVisualStudioVersion = 10.0.40219.1
Project("{FAE04EC0-301F-11D3-BF4B-00C04F79EFBC}") = "OctopusReleaseRetention", "OctopusReleaseRetention\OctopusReleaseRetention.csproj", "{29EF3944-0C09-44BF-8710-23D4D1A20D52}"
EndProject
Project("{FAE04EC0-301F-11D3-BF4B-00C04F79EFBC}") = "OctopusReleaseRetention.Unit.Tests", "OctopusReleaseRetention.Unit.Tests\OctopusReleaseRetention.Unit.Tests.csproj", "{C6F6533A-E7CA-4EBD-A10C-FC583124ED26}"
EndProject
Project("{FAE04EC0-301F-11D3-BF4B-00C04F79EFBC}") = "OctopusReleaseRetention.Integration.Tests", "OctopusReleaseRetention.Integration.Tests\OctopusReleaseRetention.Integration.Tests.csproj", "{A3CCF880-8CB6-49F9-93C5-F2F9F75CFDDB}"
EndProject
Global
	GlobalSection(SolutionConfigurationPlatforms) = preSolution
		Debug|Any CPU = Debug|Any CPU
		Release|Any CPU = Release|Any CPU
	EndGlobalSection
	GlobalSection(ProjectConfigurationPlatforms) = postSolution
		{29EF3944-0C09-44BF-8710-23D4D1A20D52}.Debug|Any CPU.ActiveCfg = Debug|Any CPU
		{29EF3944-0C09-44BF-8710-23D4D1A20D52}.Debug|Any CPU.Build.0 = Debug|Any CPU
		{29EF3944-0C09-44BF-8710-23D4D1A20D52}.Release|Any CPU.ActiveCfg = Release|Any CPU
		{29EF3944-0C09-44BF-8710-23D4D1A20D52}.Release|Any CPU.Build.0 = Release|Any CPU
		{C6F6533A-E7CA-4EBD-A10C-FC583124ED26}.Debug|Any CPU.ActiveCfg = Debug|Any CPU
		{C6F6533A-E7CA-4EBD-A10C-FC583124ED26}.Debug|Any CPU.Build.0 = Debug|Any CPU
		{C6F6533A-E7CA-4EBD-A10C-FC583124ED26}.Release|Any CPU.ActiveCfg = Release|Any CPU
		{C6F6533A-E7CA-4EBD-A10C-FC583124ED26}.Release|Any CPU.Build.0 = Release|Any CPU
		{A3CCF880-8CB6-49F9-93C5-F2F9F75CFDDB}.Debug|Any CPU.ActiveCfg = Debug|Any CPU
		{A3CCF880-8CB6-49F9-93C5-F2F9F75CFDDB}.Debug|Any CPU.Build.0 = Debug|Any CPU
		{A3CCF880-8CB6-49F9-93C5-F2F9F75CFDDB}.Release|Any CPU.ActiveCfg = Release|Any CPU
		{A3CCF880-8CB6-49F9-93C5-F2F9F75CFDDB}.Release|Any CPU.Build.0 = Release|Any CPU
	EndGlobalSection
	GlobalSection(SolutionProperties) = preSolution
		HideSolutionNode = FALSE
	EndGlobalSection
	GlobalSection(ExtensibilityGlobals) = postSolution
		SolutionGuid = {2192C573-EC4B-4573-8BBD-F4E407E1B740}
	EndGlobalSection
EndGlobal
